
Microsoft Visual Studio Solution File, Format Version 12.00
# Visual Studio Version 17
VisualStudioVersion = 17.4.33122.133
MinimumVisualStudioVersion = 10.0.40219.1
Project("{FAE04EC0-301F-11D3-BF4B-00C04F79EFBC}") = "LibraryManager", "LibraryManager\LibraryManager.csproj", "{D513FFF2-A6DB-40BD-8C7F-3E4EEFB7632E}"
EndProject
Global
	GlobalSection(SolutionConfigurationPlatforms) = preSolution
		Debug|Any CPU = Debug|Any CPU
		Release|Any CPU = Release|Any CPU
	EndGlobalSection
	GlobalSection(ProjectConfigurationPlatforms) = postSolution
		{D513FFF2-A6DB-40BD-8C7F-3E4EEFB7632E}.Debug|Any CPU.ActiveCfg = Debug|Any CPU
		{D513FFF2-A6DB-40BD-8C7F-3E4EEFB7632E}.Debug|Any CPU.Build.0 = Debug|Any CPU
		{D513FFF2-A6DB-40BD-8C7F-3E4EEFB7632E}.Release|Any CPU.ActiveCfg = Release|Any CPU
		{D513FFF2-A6DB-40BD-8C7F-3E4EEFB7632E}.Release|Any CPU.Build.0 = Release|Any CPU
	EndGlobalSection
	GlobalSection(SolutionProperties) = preSolution
		HideSolutionNode = FALSE
	EndGlobalSection
	GlobalSection(ExtensibilityGlobals) = postSolution
		SolutionGuid = {E52B4C71-B1BB-4F91-83AE-DA2B481C9A5A}
	EndGlobalSection
EndGlobal
